{
  "name": "user-profile-service-idb",
  "version": "1.0.0",
  "lockfileVersion": 1,
  "requires": true,
  "dependencies": {
    "@optimizely/js-sdk-datafile-manager": {
      "version": "0.4.0",
      "resolved": "https://registry.npmjs.org/@optimizely/js-sdk-datafile-manager/-/js-sdk-datafile-manager-0.4.0.tgz",
      "integrity": "sha512-olkXopZBaf6CPOfd9AKFEPjJ422S0IRnPa8S7Xx6EVoXYFvi+ButzJLHbHopFnMfAxKYPPs3owAW6V5feGnaVQ==",
      "requires": {
        "@optimizely/js-sdk-logging": "^0.1.0",
        "@optimizely/js-sdk-utils": "^0.1.0"
      },
      "dependencies": {
        "@optimizely/js-sdk-utils": {
          "version": "0.1.0",
          "resolved": "https://registry.npmjs.org/@optimizely/js-sdk-utils/-/js-sdk-utils-0.1.0.tgz",
          "integrity": "sha512-p7499GgVaX94YmkrwOiEtLgxgjXTPbUQsvETaAil5J7zg1TOA4Wl8ClalLSvCh+AKWkxGdkL4/uM/zfbxPSNNw==",
          "requires": {
            "uuid": "^3.3.2"
          }
        }
      }
    },
    "@optimizely/js-sdk-event-processor": {
      "version": "0.3.2",
      "resolved": "https://registry.npmjs.org/@optimizely/js-sdk-event-processor/-/js-sdk-event-processor-0.3.2.tgz",
      "integrity": "sha512-tk81PMeMn6FR9HfNzqxmkVB1f1KNguEATFZhJpV9XFA6NwjpG0erwi3zriYoI4K7Wc2LLGBlTLA2Tb1HNwrFgg==",
      "requires": {
        "@optimizely/js-sdk-logging": "^0.1.0",
        "@optimizely/js-sdk-utils": "^0.2.0"
      }
    },
    "@optimizely/js-sdk-logging": {
      "version": "0.1.0",
      "resolved": "https://registry.npmjs.org/@optimizely/js-sdk-logging/-/js-sdk-logging-0.1.0.tgz",
      "integrity": "sha512-Bs2zHvsdNIk2QSg05P6mKIlROHoBIRNStbrVwlePm603CucojKRPlFJG4rt7sFZQOo8xS8I7z1BmE4QI3/ZE9A==",
      "requires": {
        "@optimizely/js-sdk-utils": "^0.1.0"
      },
      "dependencies": {
        "@optimizely/js-sdk-utils": {
          "version": "0.1.0",
          "resolved": "https://registry.npmjs.org/@optimizely/js-sdk-utils/-/js-sdk-utils-0.1.0.tgz",
          "integrity": "sha512-p7499GgVaX94YmkrwOiEtLgxgjXTPbUQsvETaAil5J7zg1TOA4Wl8ClalLSvCh+AKWkxGdkL4/uM/zfbxPSNNw==",
          "requires": {
            "uuid": "^3.3.2"
          }
        }
      }
    },
    "@optimizely/js-sdk-utils": {
      "version": "0.2.0",
      "resolved": "https://registry.npmjs.org/@optimizely/js-sdk-utils/-/js-sdk-utils-0.2.0.tgz",
      "integrity": "sha512-aHEccRVc5YjWAdIVtniKfUE3tuzHriIWZTS4sLEq/lXkNTITSL1jrBEJD91CVY5BahWu/aG/aOafrA7XGH3sDQ==",
      "requires": {
        "uuid": "^3.3.2"
      }
    },
    "@optimizely/optimizely-sdk": {
      "version": "3.4.1",
      "resolved": "https://registry.npmjs.org/@optimizely/optimizely-sdk/-/optimizely-sdk-3.4.1.tgz",
      "integrity": "sha512-c/Uv2YGZtzERVIJ6DtLF6kCIg1zAnVNcZWRksaUCWVHug5vxlItqB2OWLFHiscgBTlQMDKJi2ocoE+yr5zPQwQ==",
      "requires": {
        "@optimizely/js-sdk-datafile-manager": "^0.4.0",
        "@optimizely/js-sdk-event-processor": "^0.3.0",
        "@optimizely/js-sdk-logging": "^0.1.0",
        "@optimizely/js-sdk-utils": "^0.2.0",
        "json-schema": "^0.2.3",
        "lodash": "^4.17.11",
        "murmurhash": "0.0.2",
        "promise-polyfill": "8.1.0",
        "uuid": "^3.3.2"
      }
    },
    "idb-keyval": {
      "version": "3.2.0",
      "resolved": "https://registry.npmjs.org/idb-keyval/-/idb-keyval-3.2.0.tgz",
      "integrity": "sha512-slx8Q6oywCCSfKgPgL0sEsXtPVnSbTLWpyiDcu6msHOyKOLari1TD1qocXVCft80umnkk3/Qqh3lwoFt8T/BPQ=="
    },
    "json-schema": {
      "version": "0.2.5",
      "resolved": "https://registry.npmjs.org/json-schema/-/json-schema-0.2.5.tgz",
      "integrity": "sha512-gWJOWYFrhQ8j7pVm0EM8Slr+EPVq1Phf6lvzvD/WCeqkrx/f2xBI0xOsRRS9xCn3I4vKtP519dvs3TP09r24wQ=="
    },
    "lodash": {
      "version": "4.17.15",
      "resolved": "https://registry.npmjs.org/lodash/-/lodash-4.17.15.tgz",
      "integrity": "sha512-8xOcRHvCjnocdS5cpwXQXVzmmh5e5+saE2QGoeQmbKmRS6J3VQppPOIt0MnmE+4xlZoumy0GPG0D0MVIQbNA1A=="
    },
    "murmurhash": {
      "version": "0.0.2",
      "resolved": "https://registry.npmjs.org/murmurhash/-/murmurhash-0.0.2.tgz",
      "integrity": "sha1-bwe9ihEF5wnCb8iUIMtZMMJFhf4="
    },
    "promise-polyfill": {
      "version": "8.1.0",
      "resolved": "https://registry.npmjs.org/promise-polyfill/-/promise-polyfill-8.1.0.tgz",
      "integrity": "sha512-OzSf6gcCUQ01byV4BgwyUCswlaQQ6gzXc23aLQWhicvfX9kfsUiUhgt3CCQej8jDnl8/PhGF31JdHX2/MzF3WA=="
    },
    "uuid": {
      "version": "3.4.0",
      "resolved": "https://registry.npmjs.org/uuid/-/uuid-3.4.0.tgz",
      "integrity": "sha512-HjSDRw6gZE5JMggctHBcjVak08+KEVhSIiDzFnT9S9aegmp85S/bReBVTb4QTFaRNptJ9kuYaNhnbNEOkbKb/A=="
    }
  }
}
